
Microsoft Visual Studio Solution File, Format Version 12.00
# Visual Studio Version 17
VisualStudioVersion = 17.14.36212.18
MinimumVisualStudioVersion = 10.0.40219.1
Project("{FAE04EC0-301F-11D3-BF4B-00C04F79EFBC}") = "MonAppK8s", "MonAppK8s\MonAppK8s.csproj", "{BDCDF886-BB05-4B80-874A-6F605A3C9F0A}"
EndProject
Global
	GlobalSection(SolutionConfigurationPlatforms) = preSolution
		Debug|Any CPU = Debug|Any CPU
		Release|Any CPU = Release|Any CPU
	EndGlobalSection
	GlobalSection(ProjectConfigurationPlatforms) = postSolution
		{BDCDF886-BB05-4B80-874A-6F605A3C9F0A}.Debug|Any CPU.ActiveCfg = Debug|Any CPU
		{BDCDF886-BB05-4B80-874A-6F605A3C9F0A}.Debug|Any CPU.Build.0 = Debug|Any CPU
		{BDCDF886-BB05-4B80-874A-6F605A3C9F0A}.Release|Any CPU.ActiveCfg = Release|Any CPU
		{BDCDF886-BB05-4B80-874A-6F605A3C9F0A}.Release|Any CPU.Build.0 = Release|Any CPU
	EndGlobalSection
	GlobalSection(SolutionProperties) = preSolution
		HideSolutionNode = FALSE
	EndGlobalSection
	GlobalSection(ExtensibilityGlobals) = postSolution
		SolutionGuid = {C8AF9165-A2C5-4274-BF54-9DDC06BD6A4C}
	EndGlobalSection
EndGlobal
